// !$*UTF8*$!
{
	archiveVersion = 1;
	classes = {
	};
	objectVersion = 50;
	objects = {

/* Begin PBXBuildFile section */
		8242DF2D25D7EF3800728A00 /* AppDelegate.swift in Sources */ = {isa = PBXBuildFile; fileRef = 8242DF2C25D7EF3800728A00 /* AppDelegate.swift */; };
		8242DF2F25D7EF3800728A00 /* SceneDelegate.swift in Sources */ = {isa = PBXBuildFile; fileRef = 8242DF2E25D7EF3800728A00 /* SceneDelegate.swift */; };
		8242DF3425D7EF3800728A00 /* Main.storyboard in Resources */ = {isa = PBXBuildFile; fileRef = 8242DF3225D7EF3800728A00 /* Main.storyboard */; };
		8242DF3625D7EF3800728A00 /* Assets.xcassets in Resources */ = {isa = PBXBuildFile; fileRef = 8242DF3525D7EF3800728A00 /* Assets.xcassets */; };
		8242DF3925D7EF3800728A00 /* LaunchScreen.storyboard in Resources */ = {isa = PBXBuildFile; fileRef = 8242DF3725D7EF3800728A00 /* LaunchScreen.storyboard */; };
		8242DF4425D7EF3800728A00 /* IOS_StudyTests.swift in Sources */ = {isa = PBXBuildFile; fileRef = 8242DF4325D7EF3800728A00 /* IOS_StudyTests.swift */; };
		8242DF4F25D7EF3800728A00 /* IOS_StudyUITests.swift in Sources */ = {isa = PBXBuildFile; fileRef = 8242DF4E25D7EF3800728A00 /* IOS_StudyUITests.swift */; };
		82BC986725ECC71900A6EB27 /* BountyViewController.swift in Sources */ = {isa = PBXBuildFile; fileRef = 82BC986625ECC71900A6EB27 /* BountyViewController.swift */; };
		82BC986C25ECDF1400A6EB27 /* DetailViewController.swift in Sources */ = {isa = PBXBuildFile; fileRef = 82BC986B25ECDF1400A6EB27 /* DetailViewController.swift */; };
/* End PBXBuildFile section */

/* Begin PBXContainerItemProxy section */
		8242DF4025D7EF3800728A00 /* PBXContainerItemProxy */ = {
			isa = PBXContainerItemProxy;
			containerPortal = 8242DF2125D7EF3800728A00 /* Project object */;
			proxyType = 1;
			remoteGlobalIDString = 8242DF2825D7EF3800728A00;
			remoteInfo = IOS_Study;
		};
		8242DF4B25D7EF3800728A00 /* PBXContainerItemProxy */ = {
			isa = PBXContainerItemProxy;
			containerPortal = 8242DF2125D7EF3800728A00 /* Project object */;
			proxyType = 1;
			remoteGlobalIDString = 8242DF2825D7EF3800728A00;
			remoteInfo = IOS_Study;
		};
/* End PBXContainerItemProxy section */

/* Begin PBXFileReference section */
		8242DF2925D7EF3800728A00 /* IOS_Study.app */ = {isa = PBXFileReference; explicitFileType = wrapper.application; includeInIndex = 0; path = IOS_Study.app; sourceTree = BUILT_PRODUCTS_DIR; };
		8242DF2C25D7EF3800728A00 /* AppDelegate.swift */ = {isa = PBXFileReference; lastKnownFileType = sourcecode.swift; path = AppDelegate.swift; sourceTree = "<group>"; };
		8242DF2E25D7EF3800728A00 /* SceneDelegate.swift */ = {isa = PBXFileReference; lastKnownFileType = sourcecode.swift; path = SceneDelegate.swift; sourceTree = "<group>"; };
		8242DF3325D7EF3800728A00 /* Base */ = {isa = PBXFileReference; lastKnownFileType = file.storyboard; name = Base; path = Base.lproj/Main.storyboard; sourceTree = "<group>"; };
		8242DF3525D7EF3800728A00 /* Assets.xcassets */ = {isa = PBXFileReference; lastKnownFileType = folder.assetcatalog; path = Assets.xcassets; sourceTree = "<group>"; };
		8242DF3825D7EF3800728A00 /* Base */ = {isa = PBXFileReference; lastKnownFileType = file.storyboard; name = Base; path = Base.lproj/LaunchScreen.storyboard; sourceTree = "<group>"; };
		8242DF3A25D7EF3800728A00 /* Info.plist */ = {isa = PBXFileReference; lastKnownFileType = text.plist.xml; path = Info.plist; sourceTree = "<group>"; };
		8242DF3F25D7EF3800728A00 /* IOS_StudyTests.xctest */ = {isa = PBXFileReference; explicitFileType = wrapper.cfbundle; includeInIndex = 0; path = IOS_StudyTests.xctest; sourceTree = BUILT_PRODUCTS_DIR; };
		8242DF4325D7EF3800728A00 /* IOS_StudyTests.swift */ = {isa = PBXFileReference; lastKnownFileType = sourcecode.swift; path = IOS_StudyTests.swift; sourceTree = "<group>"; };
		8242DF4525D7EF3800728A00 /* Info.plist */ = {isa = PBXFileReference; lastKnownFileType = text.plist.xml; path = Info.plist; sourceTree = "<group>"; };
		8242DF4A25D7EF3800728A00 /* IOS_StudyUITests.xctest */ = {isa = PBXFileReference; explicitFileType = wrapper.cfbundle; includeInIndex = 0; path = IOS_StudyUITests.xctest; sourceTree = BUILT_PRODUCTS_DIR; };
		8242DF4E25D7EF3800728A00 /* IOS_StudyUITests.swift */ = {isa = PBXFileReference; lastKnownFileType = sourcecode.swift; path = IOS_StudyUITests.swift; sourceTree = "<group>"; };
		8242DF5025D7EF3800728A00 /* Info.plist */ = {isa = PBXFileReference; lastKnownFileType = text.plist.xml; path = Info.plist; sourceTree = "<group>"; };
		82BC986625ECC71900A6EB27 /* BountyViewController.swift */ = {isa = PBXFileReference; lastKnownFileType = sourcecode.swift; path = BountyViewController.swift; sourceTree = "<group>"; };
		82BC986B25ECDF1400A6EB27 /* DetailViewController.swift */ = {isa = PBXFileReference; lastKnownFileType = sourcecode.swift; path = DetailViewController.swift; sourceTree = "<group>"; };
/* End PBXFileReference section */

/* Begin PBXFrameworksBuildPhase section */
		8242DF2625D7EF3800728A00 /* Frameworks */ = {
			isa = PBXFrameworksBuildPhase;
			buildActionMask = 2147483647;
			files = (
			);
			runOnlyForDeploymentPostprocessing = 0;
		};
		8242DF3C25D7EF3800728A00 /* Frameworks */ = {
			isa = PBXFrameworksBuildPhase;
			buildActionMask = 2147483647;
			files = (
			);
			runOnlyForDeploymentPostprocessing = 0;
		};
		8242DF4725D7EF3800728A00 /* Frameworks */ = {
			isa = PBXFrameworksBuildPhase;
			buildActionMask = 2147483647;
			files = (
			);
			runOnlyForDeploymentPostprocessing = 0;
		};
/* End PBXFrameworksBuildPhase section */

/* Begin PBXGroup section */
		8242DF2025D7EF3800728A00 = {
			isa = PBXGroup;
			children = (
				8242DF2B25D7EF3800728A00 /* IOS_Study */,
				8242DF4225D7EF3800728A00 /* IOS_StudyTests */,
				8242DF4D25D7EF3800728A00 /* IOS_StudyUITests */,
				8242DF2A25D7EF3800728A00 /* Products */,
			);
			sourceTree = "<group>";
		};
		8242DF2A25D7EF3800728A00 /* Products */ = {
			isa = PBXGroup;
			children = (
				8242DF2925D7EF3800728A00 /* IOS_Study.app */,
				8242DF3F25D7EF3800728A00 /* IOS_StudyTests.xctest */,
				8242DF4A25D7EF3800728A00 /* IOS_StudyUITests.xctest */,
			);
			name = Products;
			sourceTree = "<group>";
		};
		8242DF2B25D7EF3800728A00 /* IOS_Study */ = {
			isa = PBXGroup;
			children = (
				8242DF2C25D7EF3800728A00 /* AppDelegate.swift */,
				82BC986625ECC71900A6EB27 /* BountyViewController.swift */,
				8242DF2E25D7EF3800728A00 /* SceneDelegate.swift */,
				8242DF3225D7EF3800728A00 /* Main.storyboard */,
				82BC986B25ECDF1400A6EB27 /* DetailViewController.swift */,
				8242DF3525D7EF3800728A00 /* Assets.xcassets */,
				8242DF3725D7EF3800728A00 /* LaunchScreen.storyboard */,
				8242DF3A25D7EF3800728A00 /* Info.plist */,
			);
			path = IOS_Study;
			sourceTree = "<group>";
		};
		8242DF4225D7EF3800728A00 /* IOS_StudyTests */ = {
			isa = PBXGroup;
			children = (
				8242DF4325D7EF3800728A00 /* IOS_StudyTests.swift */,
				8242DF4525D7EF3800728A00 /* Info.plist */,
			);
			path = IOS_StudyTests;
			sourceTree = "<group>";
		};
		8242DF4D25D7EF3800728A00 /* IOS_StudyUITests */ = {
			isa = PBXGroup;
			children = (
				8242DF4E25D7EF3800728A00 /* IOS_StudyUITests.swift */,
				8242DF5025D7EF3800728A00 /* Info.plist */,
			);
			path = IOS_StudyUITests;
			sourceTree = "<group>";
		};
/* End PBXGroup section */

/* Begin PBXNativeTarget section */
		8242DF2825D7EF3800728A00 /* IOS_Study */ = {
			isa = PBXNativeTarget;
			buildConfigurationList = 8242DF5325D7EF3800728A00 /* Build configuration list for PBXNativeTarget "IOS_Study" */;
			buildPhases = (
				8242DF2525D7EF3800728A00 /* Sources */,
				8242DF2625D7EF3800728A00 /* Frameworks */,
				8242DF2725D7EF3800728A00 /* Resources */,
			);
			buildRules = (
			);
			dependencies = (
			);
			name = IOS_Study;
			productName = IOS_Study;
			productReference = 8242DF2925D7EF3800728A00 /* IOS_Study.app */;
			productType = "com.apple.product-type.application";
		};
		8242DF3E25D7EF3800728A00 /* IOS_StudyTests */ = {
			isa = PBXNativeTarget;
			buildConfigurationList = 8242DF5625D7EF3800728A00 /* Build configuration list for PBXNativeTarget "IOS_StudyTests" */;
			buildPhases = (
				8242DF3B25D7EF3800728A00 /* Sources */,
				8242DF3C25D7EF3800728A00 /* Frameworks */,
				8242DF3D25D7EF3800728A00 /* Resources */,
			);
			buildRules = (
			);
			dependencies = (
				8242DF4125D7EF3800728A00 /* PBXTargetDependency */,
			);
			name = IOS_StudyTests;
			productName = IOS_StudyTests;
			productReference = 8242DF3F25D7EF3800728A00 /* IOS_StudyTests.xctest */;
			productType = "com.apple.product-type.bundle.unit-test";
		};
		8242DF4925D7EF3800728A00 /* IOS_StudyUITests */ = {
			isa = PBXNativeTarget;
			buildConfigurationList = 8242DF5925D7EF3800728A00 /* Build configuration list for PBXNativeTarget "IOS_StudyUITests" */;
			buildPhases = (
				8242DF4625D7EF3800728A00 /* Sources */,
				8242DF4725D7EF3800728A00 /* Frameworks */,
				8242DF4825D7EF3800728A00 /* Resources */,
			);
			buildRules = (
			);
			dependencies = (
				8242DF4C25D7EF3800728A00 /* PBXTargetDependency */,
			);
			name = IOS_StudyUITests;
			productName = IOS_StudyUITests;
			productReference = 8242DF4A25D7EF3800728A00 /* IOS_StudyUITests.xctest */;
			productType = "com.apple.product-type.bundle.ui-testing";
		};
/* End PBXNativeTarget section */

/* Begin PBXProject section */
		8242DF2125D7EF3800728A00 /* Project object */ = {
			isa = PBXProject;
			attributes = {
				LastSwiftUpdateCheck = 1240;
				LastUpgradeCheck = 1240;
				TargetAttributes = {
					8242DF2825D7EF3800728A00 = {
						CreatedOnToolsVersion = 12.4;
					};
					8242DF3E25D7EF3800728A00 = {
						CreatedOnToolsVersion = 12.4;
						TestTargetID = 8242DF2825D7EF3800728A00;
					};
					8242DF4925D7EF3800728A00 = {
						CreatedOnToolsVersion = 12.4;
						TestTargetID = 8242DF2825D7EF3800728A00;
					};
				};
			};
			buildConfigurationList = 8242DF2425D7EF3800728A00 /* Build configuration list for PBXProject "IOS_Study" */;
			compatibilityVersion = "Xcode 9.3";
			developmentRegion = en;
			hasScannedForEncodings = 0;
			knownRegions = (
				en,
				Base,
			);
			mainGroup = 8242DF2025D7EF3800728A00;
			productRefGroup = 8242DF2A25D7EF3800728A00 /* Products */;
			projectDirPath = "";
			projectRoot = "";
			targets = (
				8242DF2825D7EF3800728A00 /* IOS_Study */,
				8242DF3E25D7EF3800728A00 /* IOS_StudyTests */,
				8242DF4925D7EF3800728A00 /* IOS_StudyUITests */,
			);
		};
/* End PBXProject section */

/* Begin PBXResourcesBuildPhase section */
		8242DF2725D7EF3800728A00 /* Resources */ = {
			isa = PBXResourcesBuildPhase;
			buildActionMask = 2147483647;
			files = (
				8242DF3925D7EF3800728A00 /* LaunchScreen.storyboard in Resources */,
				8242DF3625D7EF3800728A00 /* Assets.xcassets in Resources */,
				8242DF3425D7EF3800728A00 /* Main.storyboard in Resources */,
			);
			runOnlyForDeploymentPostprocessing = 0;
		};
		8242DF3D25D7EF3800728A00 /* Resources */ = {
			isa = PBXResourcesBuildPhase;
			buildActionMask = 2147483647;
			files = (
			);
			runOnlyForDeploymentPostprocessing = 0;
		};
		8242DF4825D7EF3800728A00 /* Resources */ = {
			isa = PBXResourcesBuildPhase;
			buildActionMask = 2147483647;
			files = (
			);
			runOnlyForDeploymentPostprocessing = 0;
		};
/* End PBXResourcesBuildPhase section */

/* Begin PBXSourcesBuildPhase section */
		8242DF2525D7EF3800728A00 /* Sources */ = {
			isa = PBXSourcesBuildPhase;
			buildActionMask = 2147483647;
			files = (
				8242DF2D25D7EF3800728A00 /* AppDelegate.swift in Sources */,
				82BC986725ECC71900A6EB27 /* BountyViewController.swift in Sources */,
				8242DF2F25D7EF3800728A00 /* SceneDelegate.swift in Sources */,
				82BC986C25ECDF1400A6EB27 /* DetailViewController.swift in Sources */,
			);
			runOnlyForDeploymentPostprocessing = 0;
		};
		8242DF3B25D7EF3800728A00 /* Sources */ = {
			isa = PBXSourcesBuildPhase;
			buildActionMask = 2147483647;
			files = (
				8242DF4425D7EF3800728A00 /* IOS_StudyTests.swift in Sources */,
			);
			runOnlyForDeploymentPostprocessing = 0;
		};
		8242DF4625D7EF3800728A00 /* Sources */ = {
			isa = PBXSourcesBuildPhase;
			buildActionMask = 2147483647;
			files = (
				8242DF4F25D7EF3800728A00 /* IOS_StudyUITests.swift in Sources */,
			);
			runOnlyForDeploymentPostprocessing = 0;
		};
/* End PBXSourcesBuildPhase section */

/* Begin PBXTargetDependency section */
		8242DF4125D7EF3800728A00 /* PBXTargetDependency */ = {
			isa = PBXTargetDependency;
			target = 8242DF2825D7EF3800728A00 /* IOS_Study */;
			targetProxy = 8242DF4025D7EF3800728A00 /* PBXContainerItemProxy */;
		};
		8242DF4C25D7EF3800728A00 /* PBXTargetDependency */ = {
			isa = PBXTargetDependency;
			target = 8242DF2825D7EF3800728A00 /* IOS_Study */;
			targetProxy = 8242DF4B25D7EF3800728A00 /* PBXContainerItemProxy */;
		};
/* End PBXTargetDependency section */

/* Begin PBXVariantGroup section */
		8242DF3225D7EF3800728A00 /* Main.storyboard */ = {
			isa = PBXVariantGroup;
			children = (
				8242DF3325D7EF3800728A00 /* Base */,
			);
			name = Main.storyboard;
			sourceTree = "<group>";
		};
		8242DF3725D7EF3800728A00 /* LaunchScreen.storyboard */ = {
			isa = PBXVariantGroup;
			children = (
				8242DF3825D7EF3800728A00 /* Base */,
			);
			name = LaunchScreen.storyboard;
			sourceTree = "<group>";
		};
/* End PBXVariantGroup section */

/* Begin XCBuildConfiguration section */
		8242DF5125D7EF3800728A00 /* Debug */ = {
			isa = XCBuildConfiguration;
			buildSettings = {
				ALWAYS_SEARCH_USER_PATHS = NO;
				CLANG_ANALYZER_NONNULL = YES;
				CLANG_ANALYZER_NUMBER_OBJECT_CONVERSION = YES_AGGRESSIVE;
				CLANG_CXX_LANGUAGE_STANDARD = "gnu++14";
				CLANG_CXX_LIBRARY = "libc++";
				CLANG_ENABLE_MODULES = YES;
				CLANG_ENABLE_OBJC_ARC = YES;
				CLANG_ENABLE_OBJC_WEAK = YES;
				CLANG_WARN_BLOCK_CAPTURE_AUTORELEASING = YES;
				CLANG_WARN_BOOL_CONVERSION = YES;
				CLANG_WARN_COMMA = YES;
				CLANG_WARN_CONSTANT_CONVERSION = YES;
				CLANG_WARN_DEPRECATED_OBJC_IMPLEMENTATIONS = YES;
				CLANG_WARN_DIRECT_OBJC_ISA_USAGE = YES_ERROR;
				CLANG_WARN_DOCUMENTATION_COMMENTS = YES;
				CLANG_WARN_EMPTY_BODY = YES;
				CLANG_WARN_ENUM_CONVERSION = YES;
				CLANG_WARN_INFINITE_RECURSION = YES;
				CLANG_WARN_INT_CONVERSION = YES;
				CLANG_WARN_NON_LITERAL_NULL_CONVERSION = YES;
				CLANG_WARN_OBJC_IMPLICIT_RETAIN_SELF = YES;
				CLANG_WARN_OBJC_LITERAL_CONVERSION = YES;
				CLANG_WARN_OBJC_ROOT_CLASS = YES_ERROR;
				CLANG_WARN_QUOTED_INCLUDE_IN_FRAMEWORK_HEADER = YES;
				CLANG_WARN_RANGE_LOOP_ANALYSIS = YES;
				CLANG_WARN_STRICT_PROTOTYPES = YES;
				CLANG_WARN_SUSPICIOUS_MOVE = YES;
				CLANG_WARN_UNGUARDED_AVAILABILITY = YES_AGGRESSIVE;
				CLANG_WARN_UNREACHABLE_CODE = YES;
				CLANG_WARN__DUPLICATE_METHOD_MATCH = YES;
				COPY_PHASE_STRIP = NO;
				DEBUG_INFORMATION_FORMAT = dwarf;
				ENABLE_STRICT_OBJC_MSGSEND = YES;
				ENABLE_TESTABILITY = YES;
				GCC_C_LANGUAGE_STANDARD = gnu11;
				GCC_DYNAMIC_NO_PIC = NO;
				GCC_NO_COMMON_BLOCKS = YES;
				GCC_OPTIMIZATION_LEVEL = 0;
				GCC_PREPROCESSOR_DEFINITIONS = (
					"DEBUG=1",
					"$(inherited)",
				);
				GCC_WARN_64_TO_32_BIT_CONVERSION = YES;
				GCC_WARN_ABOUT_RETURN_TYPE = YES_ERROR;
				GCC_WARN_UNDECLARED_SELECTOR = YES;
				GCC_WARN_UNINITIALIZED_AUTOS = YES_AGGRESSIVE;
				GCC_WARN_UNUSED_FUNCTION = YES;
				GCC_WARN_UNUSED_VARIABLE = YES;
				IPHONEOS_DEPLOYMENT_TARGET = 14.4;
				MTL_ENABLE_DEBUG_INFO = INCLUDE_SOURCE;
				MTL_FAST_MATH = YES;
				ONLY_ACTIVE_ARCH = YES;
				SDKROOT = iphoneos;
				SWIFT_ACTIVE_COMPILATION_CONDITIONS = DEBUG;
				SWIFT_OPTIMIZATION_LEVEL = "-Onone";
			};
			name = Debug;
		};
		8242DF5225D7EF3800728A00 /* Release */ = {
			isa = XCBuildConfiguration;
			buildSettings = {
				ALWAYS_SEARCH_USER_PATHS = NO;
				CLANG_ANALYZER_NONNULL = YES;
				CLANG_ANALYZER_NUMBER_OBJECT_CONVERSION = YES_AGGRESSIVE;
				CLANG_CXX_LANGUAGE_STANDARD = "gnu++14";
				CLANG_CXX_LIBRARY = "libc++";
				CLANG_ENABLE_MODULES = YES;
				CLANG_ENABLE_OBJC_ARC = YES;
				CLANG_ENABLE_OBJC_WEAK = YES;
				CLANG_WARN_BLOCK_CAPTURE_AUTORELEASING = YES;
				CLANG_WARN_BOOL_CONVERSION = YES;
				CLANG_WARN_COMMA = YES;
				CLANG_WARN_CONSTANT_CONVERSION = YES;
				CLANG_WARN_DEPRECATED_OBJC_IMPLEMENTATIONS = YES;
				CLANG_WARN_DIRECT_OBJC_ISA_USAGE = YES_ERROR;
				CLANG_WARN_DOCUMENTATION_COMMENTS = YES;
				CLANG_WARN_EMPTY_BODY = YES;
				CLANG_WARN_ENUM_CONVERSION = YES;
				CLANG_WARN_INFINITE_RECURSION = YES;
				CLANG_WARN_INT_CONVERSION = YES;
				CLANG_WARN_NON_LITERAL_NULL_CONVERSION = YES;
				CLANG_WARN_OBJC_IMPLICIT_RETAIN_SELF = YES;
				CLANG_WARN_OBJC_LITERAL_CONVERSION = YES;
				CLANG_WARN_OBJC_ROOT_CLASS = YES_ERROR;
				CLANG_WARN_QUOTED_INCLUDE_IN_FRAMEWORK_HEADER = YES;
				CLANG_WARN_RANGE_LOOP_ANALYSIS = YES;
				CLANG_WARN_STRICT_PROTOTYPES = YES;
				CLANG_WARN_SUSPICIOUS_MOVE = YES;
				CLANG_WARN_UNGUARDED_AVAILABILITY = YES_AGGRESSIVE;
				CLANG_WARN_UNREACHABLE_CODE = YES;
				CLANG_WARN__DUPLICATE_METHOD_MATCH = YES;
				COPY_PHASE_STRIP = NO;
				DEBUG_INFORMATION_FORMAT = "dwarf-with-dsym";
				ENABLE_NS_ASSERTIONS = NO;
				ENABLE_STRICT_OBJC_MSGSEND = YES;
				GCC_C_LANGUAGE_STANDARD = gnu11;
				GCC_NO_COMMON_BLOCKS = YES;
				GCC_WARN_64_TO_32_BIT_CONVERSION = YES;
				GCC_WARN_ABOUT_RETURN_TYPE = YES_ERROR;
				GCC_WARN_UNDECLARED_SELECTOR = YES;
				GCC_WARN_UNINITIALIZED_AUTOS = YES_AGGRESSIVE;
				GCC_WARN_UNUSED_FUNCTION = YES;
				GCC_WARN_UNUSED_VARIABLE = YES;
				IPHONEOS_DEPLOYMENT_TARGET = 14.4;
				MTL_ENABLE_DEBUG_INFO = NO;
				MTL_FAST_MATH = YES;
				SDKROOT = iphoneos;
				SWIFT_COMPILATION_MODE = wholemodule;
				SWIFT_OPTIMIZATION_LEVEL = "-O";
				VALIDATE_PRODUCT = YES;
			};
			name = Release;
		};
		8242DF5425D7EF3800728A00 /* Debug */ = {
			isa = XCBuildConfiguration;
			buildSettings = {
				ASSETCATALOG_COMPILER_APPICON_NAME = AppIcon;
				ASSETCATALOG_COMPILER_GLOBAL_ACCENT_COLOR_NAME = AccentColor;
				CODE_SIGN_STYLE = Automatic;
				DEVELOPMENT_TEAM = 3AA7QV35LC;
				INFOPLIST_FILE = IOS_Study/Info.plist;
				LD_RUNPATH_SEARCH_PATHS = (
					"$(inherited)",
					"@executable_path/Frameworks",
				);
				PRODUCT_BUNDLE_IDENTIFIER = "ioststudy.IOS-Study";
				PRODUCT_NAME = "$(TARGET_NAME)";
				SWIFT_VERSION = 5.0;
				TARGETED_DEVICE_FAMILY = "1,2";
			};
			name = Debug;
		};
		8242DF5525D7EF3800728A00 /* Release */ = {
			isa = XCBuildConfiguration;
			buildSettings = {
				ASSETCATALOG_COMPILER_APPICON_NAME = AppIcon;
				ASSETCATALOG_COMPILER_GLOBAL_ACCENT_COLOR_NAME = AccentColor;
				CODE_SIGN_STYLE = Automatic;
				DEVELOPMENT_TEAM = 3AA7QV35LC;
				INFOPLIST_FILE = IOS_Study/Info.plist;
				LD_RUNPATH_SEARCH_PATHS = (
					"$(inherited)",
					"@executable_path/Frameworks",
				);
				PRODUCT_BUNDLE_IDENTIFIER = "ioststudy.IOS-Study";
				PRODUCT_NAME = "$(TARGET_NAME)";
				SWIFT_VERSION = 5.0;
				TARGETED_DEVICE_FAMILY = "1,2";
			};
			name = Release;
		};
		8242DF5725D7EF3800728A00 /* Debug */ = {
			isa = XCBuildConfiguration;
			buildSettings = {
				ALWAYS_EMBED_SWIFT_STANDARD_LIBRARIES = YES;
				BUNDLE_LOADER = "$(TEST_HOST)";
				CODE_SIGN_STYLE = Automatic;
				DEVELOPMENT_TEAM = 3AA7QV35LC;
				INFOPLIST_FILE = IOS_StudyTests/Info.plist;
				IPHONEOS_DEPLOYMENT_TARGET = 14.4;
				LD_RUNPATH_SEARCH_PATHS = (
					"$(inherited)",
					"@executable_path/Frameworks",
					"@loader_path/Frameworks",
				);
				PRODUCT_BUNDLE_IDENTIFIER = "ioststudy.IOS-StudyTests";
				PRODUCT_NAME = "$(TARGET_NAME)";
				SWIFT_VERSION = 5.0;
				TARGETED_DEVICE_FAMILY = "1,2";
				TEST_HOST = "$(BUILT_PRODUCTS_DIR)/IOS_Study.app/IOS_Study";
			};
			name = Debug;
		};
		8242DF5825D7EF3800728A00 /* Release */ = {
			isa = XCBuildConfiguration;
			buildSettings = {
				ALWAYS_EMBED_SWIFT_STANDARD_LIBRARIES = YES;
				BUNDLE_LOADER = "$(TEST_HOST)";
				CODE_SIGN_STYLE = Automatic;
				DEVELOPMENT_TEAM = 3AA7QV35LC;
				INFOPLIST_FILE = IOS_StudyTests/Info.plist;
				IPHONEOS_DEPLOYMENT_TARGET = 14.4;
				LD_RUNPATH_SEARCH_PATHS = (
					"$(inherited)",
					"@executable_path/Frameworks",
					"@loader_path/Frameworks",
				);
				PRODUCT_BUNDLE_IDENTIFIER = "ioststudy.IOS-StudyTests";
				PRODUCT_NAME = "$(TARGET_NAME)";
				SWIFT_VERSION = 5.0;
				TARGETED_DEVICE_FAMILY = "1,2";
				TEST_HOST = "$(BUILT_PRODUCTS_DIR)/IOS_Study.app/IOS_Study";
			};
			name = Release;
		};
		8242DF5A25D7EF3800728A00 /* Debug */ = {
			isa = XCBuildConfiguration;
			buildSettings = {
				ALWAYS_EMBED_SWIFT_STANDARD_LIBRARIES = YES;
				CODE_SIGN_STYLE = Automatic;
				DEVELOPMENT_TEAM = 3AA7QV35LC;
				INFOPLIST_FILE = IOS_StudyUITests/Info.plist;
				LD_RUNPATH_SEARCH_PATHS = (
					"$(inherited)",
					"@executable_path/Frameworks",
					"@loader_path/Frameworks",
				);
				PRODUCT_BUNDLE_IDENTIFIER = "ioststudy.IOS-StudyUITests";
				PRODUCT_NAME = "$(TARGET_NAME)";
				SWIFT_VERSION = 5.0;
				TARGETED_DEVICE_FAMILY = "1,2";
				TEST_TARGET_NAME = IOS_Study;
			};
			name = Debug;
		};
		8242DF5B25D7EF3800728A00 /* Release */ = {
			isa = XCBuildConfiguration;
			buildSettings = {
				ALWAYS_EMBED_SWIFT_STANDARD_LIBRARIES = YES;
				CODE_SIGN_STYLE = Automatic;
				DEVELOPMENT_TEAM = 3AA7QV35LC;
				INFOPLIST_FILE = IOS_StudyUITests/Info.plist;
				LD_RUNPATH_SEARCH_PATHS = (
					"$(inherited)",
					"@executable_path/Frameworks",
					"@loader_path/Frameworks",
				);
				PRODUCT_BUNDLE_IDENTIFIER = "ioststudy.IOS-StudyUITests";
				PRODUCT_NAME = "$(TARGET_NAME)";
				SWIFT_VERSION = 5.0;
				TARGETED_DEVICE_FAMILY = "1,2";
				TEST_TARGET_NAME = IOS_Study;
			};
			name = Release;
		};
/* End XCBuildConfiguration section */

/* Begin XCConfigurationList section */
		8242DF2425D7EF3800728A00 /* Build configuration list for PBXProject "IOS_Study" */ = {
			isa = XCConfigurationList;
			buildConfigurations = (
				8242DF5125D7EF3800728A00 /* Debug */,
				8242DF5225D7EF3800728A00 /* Release */,
			);
			defaultConfigurationIsVisible = 0;
			defaultConfigurationName = Release;
		};
		8242DF5325D7EF3800728A00 /* Build configuration list for PBXNativeTarget "IOS_Study" */ = {
			isa = XCConfigurationList;
			buildConfigurations = (
				8242DF5425D7EF3800728A00 /* Debug */,
				8242DF5525D7EF3800728A00 /* Release */,
			);
			defaultConfigurationIsVisible = 0;
			defaultConfigurationName = Release;
		};
		8242DF5625D7EF3800728A00 /* Build configuration list for PBXNativeTarget "IOS_StudyTests" */ = {
			isa = XCConfigurationList;
			buildConfigurations = (
				8242DF5725D7EF3800728A00 /* Debug */,
				8242DF5825D7EF3800728A00 /* Release */,
			);
			defaultConfigurationIsVisible = 0;
			defaultConfigurationName = Release;
		};
		8242DF5925D7EF3800728A00 /* Build configuration list for PBXNativeTarget "IOS_StudyUITests" */ = {
			isa = XCConfigurationList;
			buildConfigurations = (
				8242DF5A25D7EF3800728A00 /* Debug */,
				8242DF5B25D7EF3800728A00 /* Release */,
			);
			defaultConfigurationIsVisible = 0;
			defaultConfigurationName = Release;
		};
/* End XCConfigurationList section */
	};
	rootObject = 8242DF2125D7EF3800728A00 /* Project object */;
}
